
Microsoft Visual Studio Solution File, Format Version 12.00
# Visual Studio Version 17
VisualStudioVersion = 17.5.33530.505
MinimumVisualStudioVersion = 10.0.40219.1
Project("{9A19103F-16F7-4668-BE54-9A1E7A4F7556}") = "LittleDenham", "LittleDenham.csproj", "{FCEE611B-7A46-4CCE-9646-85F8B8298C0E}"
EndProject
Project("{2150E333-8FDC-42A3-9474-1A3956D46DE8}") = "Solution Items", "Solution Items", "{A0342292-5079-4B16-90AC-40B23B28D0E8}"
	ProjectSection(SolutionItems) = preProject
		ModEntry.cs = ModEntry.cs
	EndProjectSection
EndProject
Global
	GlobalSection(SolutionConfigurationPlatforms) = preSolution
		Debug|Any CPU = Debug|Any CPU
		Release|Any CPU = Release|Any CPU
	EndGlobalSection
	GlobalSection(ProjectConfigurationPlatforms) = postSolution
		{FCEE611B-7A46-4CCE-9646-85F8B8298C0E}.Debug|Any CPU.ActiveCfg = Debug|Any CPU
		{FCEE611B-7A46-4CCE-9646-85F8B8298C0E}.Debug|Any CPU.Build.0 = Debug|Any CPU
		{FCEE611B-7A46-4CCE-9646-85F8B8298C0E}.Release|Any CPU.ActiveCfg = Release|Any CPU
		{FCEE611B-7A46-4CCE-9646-85F8B8298C0E}.Release|Any CPU.Build.0 = Release|Any CPU
	EndGlobalSection
	GlobalSection(SolutionProperties) = preSolution
		HideSolutionNode = FALSE
	EndGlobalSection
	GlobalSection(ExtensibilityGlobals) = postSolution
		SolutionGuid = {C5DA3611-9770-4D59-8D7E-A130DFF8AE0C}
	EndGlobalSection
EndGlobal
